// !$*UTF8*$!
{
	archiveVersion = 1;
	classes = {
	};
	objectVersion = 46;
	objects = {

/* Begin PBXBuildFile section */
		5A98C3751EE437C200A6F85F /* AppDelegate.swift in Sources */ = {isa = PBXBuildFile; fileRef = 5A98C3741EE437C200A6F85F /* AppDelegate.swift */; };
		5A98C37B1EE437C200A6F85F /* GameScene.swift in Sources */ = {isa = PBXBuildFile; fileRef = 5A98C37A1EE437C200A6F85F /* GameScene.swift */; };
		5A98C37D1EE437C200A6F85F /* GameViewController.swift in Sources */ = {isa = PBXBuildFile; fileRef = 5A98C37C1EE437C200A6F85F /* GameViewController.swift */; };
		5A98C3801EE437C200A6F85F /* Main.storyboard in Resources */ = {isa = PBXBuildFile; fileRef = 5A98C37E1EE437C200A6F85F /* Main.storyboard */; };
		5A98C3821EE437C200A6F85F /* Assets.xcassets in Resources */ = {isa = PBXBuildFile; fileRef = 5A98C3811EE437C200A6F85F /* Assets.xcassets */; };
		5A98C3851EE437C200A6F85F /* LaunchScreen.storyboard in Resources */ = {isa = PBXBuildFile; fileRef = 5A98C3831EE437C200A6F85F /* LaunchScreen.storyboard */; };
		5A98C38E1EE4387500A6F85F /* RMSpriteButton.swift in Sources */ = {isa = PBXBuildFile; fileRef = 5A98C38D1EE4387500A6F85F /* RMSpriteButton.swift */; };
/* End PBXBuildFile section */

/* Begin PBXFileReference section */
		5A98C3711EE437C200A6F85F /* RMSpriteButton.app */ = {isa = PBXFileReference; explicitFileType = wrapper.application; includeInIndex = 0; path = RMSpriteButton.app; sourceTree = BUILT_PRODUCTS_DIR; };
		5A98C3741EE437C200A6F85F /* AppDelegate.swift */ = {isa = PBXFileReference; lastKnownFileType = sourcecode.swift; path = AppDelegate.swift; sourceTree = "<group>"; };
		5A98C37A1EE437C200A6F85F /* GameScene.swift */ = {isa = PBXFileReference; lastKnownFileType = sourcecode.swift; path = GameScene.swift; sourceTree = "<group>"; };
		5A98C37C1EE437C200A6F85F /* GameViewController.swift */ = {isa = PBXFileReference; lastKnownFileType = sourcecode.swift; path = GameViewController.swift; sourceTree = "<group>"; };
		5A98C37F1EE437C200A6F85F /* Base */ = {isa = PBXFileReference; lastKnownFileType = file.storyboard; name = Base; path = Base.lproj/Main.storyboard; sourceTree = "<group>"; };
		5A98C3811EE437C200A6F85F /* Assets.xcassets */ = {isa = PBXFileReference; lastKnownFileType = folder.assetcatalog; path = Assets.xcassets; sourceTree = "<group>"; };
		5A98C3841EE437C200A6F85F /* Base */ = {isa = PBXFileReference; lastKnownFileType = file.storyboard; name = Base; path = Base.lproj/LaunchScreen.storyboard; sourceTree = "<group>"; };
		5A98C3861EE437C200A6F85F /* Info.plist */ = {isa = PBXFileReference; lastKnownFileType = text.plist.xml; path = Info.plist; sourceTree = "<group>"; };
		5A98C38D1EE4387500A6F85F /* RMSpriteButton.swift */ = {isa = PBXFileReference; fileEncoding = 4; lastKnownFileType = sourcecode.swift; path = RMSpriteButton.swift; sourceTree = "<group>"; };
/* End PBXFileReference section */

/* Begin PBXFrameworksBuildPhase section */
		5A98C36E1EE437C200A6F85F /* Frameworks */ = {
			isa = PBXFrameworksBuildPhase;
			buildActionMask = 2147483647;
			files = (
			);
			runOnlyForDeploymentPostprocessing = 0;
		};
/* End PBXFrameworksBuildPhase section */

/* Begin PBXGroup section */
		5A98C3681EE437C200A6F85F = {
			isa = PBXGroup;
			children = (
				5A98C38C1EE4387500A6F85F /* Source */,
				5A98C3731EE437C200A6F85F /* RMSpriteButton */,
				5A98C3721EE437C200A6F85F /* Products */,
			);
			sourceTree = "<group>";
		};
		5A98C3721EE437C200A6F85F /* Products */ = {
			isa = PBXGroup;
			children = (
				5A98C3711EE437C200A6F85F /* RMSpriteButton.app */,
			);
			name = Products;
			sourceTree = "<group>";
		};
		5A98C3731EE437C200A6F85F /* RMSpriteButton */ = {
			isa = PBXGroup;
			children = (
				5A98C3741EE437C200A6F85F /* AppDelegate.swift */,
				5A98C37A1EE437C200A6F85F /* GameScene.swift */,
				5A98C37C1EE437C200A6F85F /* GameViewController.swift */,
				5A98C37E1EE437C200A6F85F /* Main.storyboard */,
				5A98C3811EE437C200A6F85F /* Assets.xcassets */,
				5A98C3831EE437C200A6F85F /* LaunchScreen.storyboard */,
				5A98C3861EE437C200A6F85F /* Info.plist */,
			);
			path = RMSpriteButton;
			sourceTree = "<group>";
		};
		5A98C38C1EE4387500A6F85F /* Source */ = {
			isa = PBXGroup;
			children = (
				5A98C38D1EE4387500A6F85F /* RMSpriteButton.swift */,
			);
			path = Source;
			sourceTree = "<group>";
		};
/* End PBXGroup section */

/* Begin PBXNativeTarget section */
		5A98C3701EE437C200A6F85F /* RMSpriteButton */ = {
			isa = PBXNativeTarget;
			buildConfigurationList = 5A98C3891EE437C200A6F85F /* Build configuration list for PBXNativeTarget "RMSpriteButton" */;
			buildPhases = (
				5A98C36D1EE437C200A6F85F /* Sources */,
				5A98C36E1EE437C200A6F85F /* Frameworks */,
				5A98C36F1EE437C200A6F85F /* Resources */,
			);
			buildRules = (
			);
			dependencies = (
			);
			name = RMSpriteButton;
			productName = RMSpriteButton;
			productReference = 5A98C3711EE437C200A6F85F /* RMSpriteButton.app */;
			productType = "com.apple.product-type.application";
		};
/* End PBXNativeTarget section */

/* Begin PBXProject section */
		5A98C3691EE437C200A6F85F /* Project object */ = {
			isa = PBXProject;
			attributes = {
				LastSwiftUpdateCheck = 0830;
				LastUpgradeCheck = 0830;
				ORGANIZATIONNAME = "Roger Molas";
				TargetAttributes = {
					5A98C3701EE437C200A6F85F = {
						CreatedOnToolsVersion = 8.3.1;
						DevelopmentTeam = 3DDSBS2Q7T;
						ProvisioningStyle = Automatic;
					};
				};
			};
			buildConfigurationList = 5A98C36C1EE437C200A6F85F /* Build configuration list for PBXProject "RMSpriteButton" */;
			compatibilityVersion = "Xcode 3.2";
			developmentRegion = English;
			hasScannedForEncodings = 0;
			knownRegions = (
				English,
				en,
				Base,
			);
			mainGroup = 5A98C3681EE437C200A6F85F;
			productRefGroup = 5A98C3721EE437C200A6F85F /* Products */;
			projectDirPath = "";
			projectRoot = "";
			targets = (
				5A98C3701EE437C200A6F85F /* RMSpriteButton */,
			);
		};
/* End PBXProject section */

/* Begin PBXResourcesBuildPhase section */
		5A98C36F1EE437C200A6F85F /* Resources */ = {
			isa = PBXResourcesBuildPhase;
			buildActionMask = 2147483647;
			files = (
				5A98C3801EE437C200A6F85F /* Main.storyboard in Resources */,
				5A98C3821EE437C200A6F85F /* Assets.xcassets in Resources */,
				5A98C3851EE437C200A6F85F /* LaunchScreen.storyboard in Resources */,
			);
			runOnlyForDeploymentPostprocessing = 0;
		};
/* End PBXResourcesBuildPhase section */

/* Begin PBXSourcesBuildPhase section */
		5A98C36D1EE437C200A6F85F /* Sources */ = {
			isa = PBXSourcesBuildPhase;
			buildActionMask = 2147483647;
			files = (
				5A98C37B1EE437C200A6F85F /* GameScene.swift in Sources */,
				5A98C38E1EE4387500A6F85F /* RMSpriteButton.swift in Sources */,
				5A98C37D1EE437C200A6F85F /* GameViewController.swift in Sources */,
				5A98C3751EE437C200A6F85F /* AppDelegate.swift in Sources */,
			);
			runOnlyForDeploymentPostprocessing = 0;
		};
/* End PBXSourcesBuildPhase section */

/* Begin PBXVariantGroup section */
		5A98C37E1EE437C200A6F85F /* Main.storyboard */ = {
			isa = PBXVariantGroup;
			children = (
				5A98C37F1EE437C200A6F85F /* Base */,
			);
			name = Main.storyboard;
			sourceTree = "<group>";
		};
		5A98C3831EE437C200A6F85F /* LaunchScreen.storyboard */ = {
			isa = PBXVariantGroup;
			children = (
				5A98C3841EE437C200A6F85F /* Base */,
			);
			name = LaunchScreen.storyboard;
			sourceTree = "<group>";
		};
/* End PBXVariantGroup section */

/* Begin XCBuildConfiguration section */
		5A98C3871EE437C200A6F85F /* Debug */ = {
			isa = XCBuildConfiguration;
			buildSettings = {
				ALWAYS_SEARCH_USER_PATHS = NO;
				CLANG_ANALYZER_NONNULL = YES;
				CLANG_ANALYZER_NUMBER_OBJECT_CONVERSION = YES_AGGRESSIVE;
				CLANG_CXX_LANGUAGE_STANDARD = "gnu++0x";
				CLANG_CXX_LIBRARY = "libc++";
				CLANG_ENABLE_MODULES = YES;
				CLANG_ENABLE_OBJC_ARC = YES;
				CLANG_WARN_BOOL_CONVERSION = YES;
				CLANG_WARN_CONSTANT_CONVERSION = YES;
				CLANG_WARN_DIRECT_OBJC_ISA_USAGE = YES_ERROR;
				CLANG_WARN_DOCUMENTATION_COMMENTS = YES;
				CLANG_WARN_EMPTY_BODY = YES;
				CLANG_WARN_ENUM_CONVERSION = YES;
				CLANG_WARN_INFINITE_RECURSION = YES;
				CLANG_WARN_INT_CONVERSION = YES;
				CLANG_WARN_OBJC_ROOT_CLASS = YES_ERROR;
				CLANG_WARN_SUSPICIOUS_MOVE = YES;
				CLANG_WARN_UNREACHABLE_CODE = YES;
				CLANG_WARN__DUPLICATE_METHOD_MATCH = YES;
				"CODE_SIGN_IDENTITY[sdk=iphoneos*]" = "iPhone Developer";
				COPY_PHASE_STRIP = NO;
				DEBUG_INFORMATION_FORMAT = dwarf;
				ENABLE_STRICT_OBJC_MSGSEND = YES;
				ENABLE_TESTABILITY = YES;
				GCC_C_LANGUAGE_STANDARD = gnu99;
				GCC_DYNAMIC_NO_PIC = NO;
				GCC_NO_COMMON_BLOCKS = YES;
				GCC_OPTIMIZATION_LEVEL = 0;
				GCC_PREPROCESSOR_DEFINITIONS = (
					"DEBUG=1",
					"$(inherited)",
				);
				GCC_WARN_64_TO_32_BIT_CONVERSION = YES;
				GCC_WARN_ABOUT_RETURN_TYPE = YES_ERROR;
				GCC_WARN_UNDECLARED_SELECTOR = YES;
				GCC_WARN_UNINITIALIZED_AUTOS = YES_AGGRESSIVE;
				GCC_WARN_UNUSED_FUNCTION = YES;
				GCC_WARN_UNUSED_VARIABLE = YES;
				IPHONEOS_DEPLOYMENT_TARGET = 10.3;
				MTL_ENABLE_DEBUG_INFO = YES;
				ONLY_ACTIVE_ARCH = YES;
				SDKROOT = iphoneos;
				SWIFT_ACTIVE_COMPILATION_CONDITIONS = DEBUG;
				SWIFT_OPTIMIZATION_LEVEL = "-Onone";
			};
			name = Debug;
		};
		5A98C3881EE437C200A6F85F /* Release */ = {
			isa = XCBuildConfiguration;
			buildSettings = {
				ALWAYS_SEARCH_USER_PATHS = NO;
				CLANG_ANALYZER_NONNULL = YES;
				CLANG_ANALYZER_NUMBER_OBJECT_CONVERSION = YES_AGGRESSIVE;
				CLANG_CXX_LANGUAGE_STANDARD = "gnu++0x";
				CLANG_CXX_LIBRARY = "libc++";
				CLANG_ENABLE_MODULES = YES;
				CLANG_ENABLE_OBJC_ARC = YES;
				CLANG_WARN_BOOL_CONVERSION = YES;
				CLANG_WARN_CONSTANT_CONVERSION = YES;
				CLANG_WARN_DIRECT_OBJC_ISA_USAGE = YES_ERROR;
				CLANG_WARN_DOCUMENTATION_COMMENTS = YES;
				CLANG_WARN_EMPTY_BODY = YES;
				CLANG_WARN_ENUM_CONVERSION = YES;
				CLANG_WARN_INFINITE_RECURSION = YES;
				CLANG_WARN_INT_CONVERSION = YES;
				CLANG_WARN_OBJC_ROOT_CLASS = YES_ERROR;
				CLANG_WARN_SUSPICIOUS_MOVE = YES;
				CLANG_WARN_UNREACHABLE_CODE = YES;
				CLANG_WARN__DUPLICATE_METHOD_MATCH = YES;
				"CODE_SIGN_IDENTITY[sdk=iphoneos*]" = "iPhone Developer";
				COPY_PHASE_STRIP = NO;
				DEBUG_INFORMATION_FORMAT = "dwarf-with-dsym";
				ENABLE_NS_ASSERTIONS = NO;
				ENABLE_STRICT_OBJC_MSGSEND = YES;
				GCC_C_LANGUAGE_STANDARD = gnu99;
				GCC_NO_COMMON_BLOCKS = YES;
				GCC_WARN_64_TO_32_BIT_CONVERSION = YES;
				GCC_WARN_ABOUT_RETURN_TYPE = YES_ERROR;
				GCC_WARN_UNDECLARED_SELECTOR = YES;
				GCC_WARN_UNINITIALIZED_AUTOS = YES_AGGRESSIVE;
				GCC_WARN_UNUSED_FUNCTION = YES;
				GCC_WARN_UNUSED_VARIABLE = YES;
				IPHONEOS_DEPLOYMENT_TARGET = 10.3;
				MTL_ENABLE_DEBUG_INFO = NO;
				SDKROOT = iphoneos;
				SWIFT_OPTIMIZATION_LEVEL = "-Owholemodule";
				VALIDATE_PRODUCT = YES;
			};
			name = Release;
		};
		5A98C38A1EE437C200A6F85F /* Debug */ = {
			isa = XCBuildConfiguration;
			buildSettings = {
				ASSETCATALOG_COMPILER_APPICON_NAME = AppIcon;
				DEVELOPMENT_TEAM = 3DDSBS2Q7T;
				INFOPLIST_FILE = RMSpriteButton/Info.plist;
				LD_RUNPATH_SEARCH_PATHS = "$(inherited) @executable_path/Frameworks";
				PRODUCT_BUNDLE_IDENTIFIER = com.rogermolas.RMSpriteButton.RMSpriteButton;
				PRODUCT_NAME = "$(TARGET_NAME)";
				SWIFT_VERSION = 4.2;
			};
			name = Debug;
		};
		5A98C38B1EE437C200A6F85F /* Release */ = {
			isa = XCBuildConfiguration;
			buildSettings = {
				ASSETCATALOG_COMPILER_APPICON_NAME = AppIcon;
				DEVELOPMENT_TEAM = 3DDSBS2Q7T;
				INFOPLIST_FILE = RMSpriteButton/Info.plist;
				LD_RUNPATH_SEARCH_PATHS = "$(inherited) @executable_path/Frameworks";
				PRODUCT_BUNDLE_IDENTIFIER = com.rogermolas.RMSpriteButton.RMSpriteButton;
				PRODUCT_NAME = "$(TARGET_NAME)";
				SWIFT_VERSION = 4.2;
			};
			name = Release;
		};
/* End XCBuildConfiguration section */

/* Begin XCConfigurationList section */
		5A98C36C1EE437C200A6F85F /* Build configuration list for PBXProject "RMSpriteButton" */ = {
			isa = XCConfigurationList;
			buildConfigurations = (
				5A98C3871EE437C200A6F85F /* Debug */,
				5A98C3881EE437C200A6F85F /* Release */,
			);
			defaultConfigurationIsVisible = 0;
			defaultConfigurationName = Release;
		};
		5A98C3891EE437C200A6F85F /* Build configuration list for PBXNativeTarget "RMSpriteButton" */ = {
			isa = XCConfigurationList;
			buildConfigurations = (
				5A98C38A1EE437C200A6F85F /* Debug */,
				5A98C38B1EE437C200A6F85F /* Release */,
			);
			defaultConfigurationIsVisible = 0;
			defaultConfigurationName = Release;
		};
/* End XCConfigurationList section */
	};
	rootObject = 5A98C3691EE437C200A6F85F /* Project object */;
}
